
Microsoft Visual Studio Solution File, Format Version 12.00
# Visual Studio Version 17
VisualStudioVersion = 17.0.31903.59
MinimumVisualStudioVersion = 10.0.40219.1
Project("{2150E333-8FDC-42A3-9474-1A3956D46DE8}") = "src", "src", "{4B50F729-C99F-48E4-B2EA-FCC85B7DBC2F}"
EndProject
Project("{9A19103F-16F7-4668-BE54-9A1E7A4F7556}") = "Kubernox.Aspire.AppHost", "src\Kubernox.Aspire.AppHost\Kubernox.Aspire.AppHost.csproj", "{71CA2321-793D-40E4-ACCB-63D2993C0D65}"
EndProject
Project("{9A19103F-16F7-4668-BE54-9A1E7A4F7556}") = "Kubernox.Aspire.ServiceDefaults", "src\Kubernox.Aspire.ServiceDefaults\Kubernox.Aspire.ServiceDefaults.csproj", "{610A8B59-D294-4CF5-BCFC-9931E47714D0}"
EndProject
Project("{2150E333-8FDC-42A3-9474-1A3956D46DE8}") = "app", "app", "{1D56D1FD-07E9-4320-A72A-91EA7BB153C5}"
EndProject
Project("{2150E333-8FDC-42A3-9474-1A3956D46DE8}") = "services", "services", "{1B10639F-D1AA-4DDF-8A28-9528BB108603}"
EndProject
Project("{2150E333-8FDC-42A3-9474-1A3956D46DE8}") = "core", "core", "{B274E6EE-25E1-49D2-92BF-8BFC86C38C8F}"
EndProject
Project("{FAE04EC0-301F-11D3-BF4B-00C04F79EFBC}") = "Kubernox.Client", "src\Kubernox.Client\Kubernox.Client.csproj", "{15508192-A46B-4F23-A012-D8AE66604273}"
EndProject
Project("{2150E333-8FDC-42A3-9474-1A3956D46DE8}") = "tests", "tests", "{F3022867-30B0-4467-AA96-73444397E05D}"
EndProject
Project("{FAE04EC0-301F-11D3-BF4B-00C04F79EFBC}") = "Kubernox.SystemTests", "tests\Kubernox.SystemTests\Kubernox.SystemTests.csproj", "{EA5F68A1-7541-4F12-972E-A07739BD2C1E}"
EndProject
Project("{FAE04EC0-301F-11D3-BF4B-00C04F79EFBC}") = "Kubernox.UnitTests", "tests\Kubernox.UnitTests\Kubernox.UnitTests.csproj", "{A5EFF562-3E33-4276-9FF0-75B9E506F89B}"
EndProject
Global
	GlobalSection(SolutionConfigurationPlatforms) = preSolution
		Debug|Any CPU = Debug|Any CPU
		Release|Any CPU = Release|Any CPU
	EndGlobalSection
	GlobalSection(ProjectConfigurationPlatforms) = postSolution
		{71CA2321-793D-40E4-ACCB-63D2993C0D65}.Debug|Any CPU.ActiveCfg = Debug|Any CPU
		{71CA2321-793D-40E4-ACCB-63D2993C0D65}.Debug|Any CPU.Build.0 = Debug|Any CPU
		{71CA2321-793D-40E4-ACCB-63D2993C0D65}.Release|Any CPU.ActiveCfg = Release|Any CPU
		{71CA2321-793D-40E4-ACCB-63D2993C0D65}.Release|Any CPU.Build.0 = Release|Any CPU
		{610A8B59-D294-4CF5-BCFC-9931E47714D0}.Debug|Any CPU.ActiveCfg = Debug|Any CPU
		{610A8B59-D294-4CF5-BCFC-9931E47714D0}.Debug|Any CPU.Build.0 = Debug|Any CPU
		{610A8B59-D294-4CF5-BCFC-9931E47714D0}.Release|Any CPU.ActiveCfg = Release|Any CPU
		{610A8B59-D294-4CF5-BCFC-9931E47714D0}.Release|Any CPU.Build.0 = Release|Any CPU
		{15508192-A46B-4F23-A012-D8AE66604273}.Debug|Any CPU.ActiveCfg = Debug|Any CPU
		{15508192-A46B-4F23-A012-D8AE66604273}.Debug|Any CPU.Build.0 = Debug|Any CPU
		{15508192-A46B-4F23-A012-D8AE66604273}.Release|Any CPU.ActiveCfg = Release|Any CPU
		{15508192-A46B-4F23-A012-D8AE66604273}.Release|Any CPU.Build.0 = Release|Any CPU
		{EA5F68A1-7541-4F12-972E-A07739BD2C1E}.Debug|Any CPU.ActiveCfg = Debug|Any CPU
		{EA5F68A1-7541-4F12-972E-A07739BD2C1E}.Debug|Any CPU.Build.0 = Debug|Any CPU
		{EA5F68A1-7541-4F12-972E-A07739BD2C1E}.Release|Any CPU.ActiveCfg = Release|Any CPU
		{EA5F68A1-7541-4F12-972E-A07739BD2C1E}.Release|Any CPU.Build.0 = Release|Any CPU
		{A5EFF562-3E33-4276-9FF0-75B9E506F89B}.Debug|Any CPU.ActiveCfg = Debug|Any CPU
		{A5EFF562-3E33-4276-9FF0-75B9E506F89B}.Debug|Any CPU.Build.0 = Debug|Any CPU
		{A5EFF562-3E33-4276-9FF0-75B9E506F89B}.Release|Any CPU.ActiveCfg = Release|Any CPU
		{A5EFF562-3E33-4276-9FF0-75B9E506F89B}.Release|Any CPU.Build.0 = Release|Any CPU
	EndGlobalSection
	GlobalSection(SolutionProperties) = preSolution
		HideSolutionNode = FALSE
	EndGlobalSection
	GlobalSection(NestedProjects) = preSolution
		{71CA2321-793D-40E4-ACCB-63D2993C0D65} = {4B50F729-C99F-48E4-B2EA-FCC85B7DBC2F}
		{610A8B59-D294-4CF5-BCFC-9931E47714D0} = {4B50F729-C99F-48E4-B2EA-FCC85B7DBC2F}
		{1D56D1FD-07E9-4320-A72A-91EA7BB153C5} = {4B50F729-C99F-48E4-B2EA-FCC85B7DBC2F}
		{1B10639F-D1AA-4DDF-8A28-9528BB108603} = {4B50F729-C99F-48E4-B2EA-FCC85B7DBC2F}
		{B274E6EE-25E1-49D2-92BF-8BFC86C38C8F} = {4B50F729-C99F-48E4-B2EA-FCC85B7DBC2F}
		{15508192-A46B-4F23-A012-D8AE66604273} = {B274E6EE-25E1-49D2-92BF-8BFC86C38C8F}
		{EA5F68A1-7541-4F12-972E-A07739BD2C1E} = {F3022867-30B0-4467-AA96-73444397E05D}
		{A5EFF562-3E33-4276-9FF0-75B9E506F89B} = {F3022867-30B0-4467-AA96-73444397E05D}
	EndGlobalSection
	GlobalSection(ExtensibilityGlobals) = postSolution
		SolutionGuid = {A6364328-47E7-44A4-81F7-5D083D615E40}
	EndGlobalSection
EndGlobal
